
Microsoft Visual Studio Solution File, Format Version 12.00
# Visual Studio 15
VisualStudioVersion = 15.0.27004.2009
MinimumVisualStudioVersion = 10.0.40219.1
Project("{FAE04EC0-301F-11D3-BF4B-00C04F79EFBC}") = "KataSMSLotteryBetValidator", "KataSMSLotteryBetValidator\KataSMSLotteryBetValidator.csproj", "{8928AA8B-3125-4946-8C98-0E6EFEEAA585}"
EndProject
Global
	GlobalSection(SolutionConfigurationPlatforms) = preSolution
		Debug|Any CPU = Debug|Any CPU
		Release|Any CPU = Release|Any CPU
	EndGlobalSection
	GlobalSection(ProjectConfigurationPlatforms) = postSolution
		{8928AA8B-3125-4946-8C98-0E6EFEEAA585}.Debug|Any CPU.ActiveCfg = Debug|Any CPU
		{8928AA8B-3125-4946-8C98-0E6EFEEAA585}.Debug|Any CPU.Build.0 = Debug|Any CPU
		{8928AA8B-3125-4946-8C98-0E6EFEEAA585}.Release|Any CPU.ActiveCfg = Release|Any CPU
		{8928AA8B-3125-4946-8C98-0E6EFEEAA585}.Release|Any CPU.Build.0 = Release|Any CPU
	EndGlobalSection
	GlobalSection(SolutionProperties) = preSolution
		HideSolutionNode = FALSE
	EndGlobalSection
	GlobalSection(ExtensibilityGlobals) = postSolution
		SolutionGuid = {9A424BF0-5F46-4E63-955F-252399A5BFF2}
	EndGlobalSection
EndGlobal
